// !$*UTF8*$!
{
	archiveVersion = 1;
	classes = {
	};
	objectVersion = 46;
	objects = {

/* Begin PBXBuildFile section */
		43076F181C02C79D00161082 /* main.m in Sources */ = {isa = PBXBuildFile; fileRef = 43076F171C02C79D00161082 /* main.m */; };
		43076F1B1C02C79D00161082 /* AppDelegate.m in Sources */ = {isa = PBXBuildFile; fileRef = 43076F1A1C02C79D00161082 /* AppDelegate.m */; };
		43076F1E1C02C79D00161082 /* ViewController.m in Sources */ = {isa = PBXBuildFile; fileRef = 43076F1D1C02C79D00161082 /* ViewController.m */; };
		43076F211C02C79D00161082 /* Main.storyboard in Resources */ = {isa = PBXBuildFile; fileRef = 43076F1F1C02C79D00161082 /* Main.storyboard */; };
		43076F241C02C79D00161082 /* RahulCoreData.xcdatamodeld in Sources */ = {isa = PBXBuildFile; fileRef = 43076F221C02C79D00161082 /* RahulCoreData.xcdatamodeld */; };
		43076F261C02C79D00161082 /* Assets.xcassets in Resources */ = {isa = PBXBuildFile; fileRef = 43076F251C02C79D00161082 /* Assets.xcassets */; };
		43076F291C02C79D00161082 /* LaunchScreen.storyboard in Resources */ = {isa = PBXBuildFile; fileRef = 43076F271C02C79D00161082 /* LaunchScreen.storyboard */; };
		43076F341C02C79D00161082 /* RahulCoreDataTests.m in Sources */ = {isa = PBXBuildFile; fileRef = 43076F331C02C79D00161082 /* RahulCoreDataTests.m */; };
		43076F3F1C02C79D00161082 /* RahulCoreDataUITests.m in Sources */ = {isa = PBXBuildFile; fileRef = 43076F3E1C02C79D00161082 /* RahulCoreDataUITests.m */; };
/* End PBXBuildFile section */

/* Begin PBXContainerItemProxy section */
		43076F301C02C79D00161082 /* PBXContainerItemProxy */ = {
			isa = PBXContainerItemProxy;
			containerPortal = 43076F0B1C02C79B00161082 /* Project object */;
			proxyType = 1;
			remoteGlobalIDString = 43076F121C02C79C00161082;
			remoteInfo = RahulCoreData;
		};
		43076F3B1C02C79D00161082 /* PBXContainerItemProxy */ = {
			isa = PBXContainerItemProxy;
			containerPortal = 43076F0B1C02C79B00161082 /* Project object */;
			proxyType = 1;
			remoteGlobalIDString = 43076F121C02C79C00161082;
			remoteInfo = RahulCoreData;
		};
/* End PBXContainerItemProxy section */

/* Begin PBXFileReference section */
		43076F131C02C79C00161082 /* RahulCoreData.app */ = {isa = PBXFileReference; explicitFileType = wrapper.application; includeInIndex = 0; path = RahulCoreData.app; sourceTree = BUILT_PRODUCTS_DIR; };
		43076F171C02C79D00161082 /* main.m */ = {isa = PBXFileReference; lastKnownFileType = sourcecode.c.objc; path = main.m; sourceTree = "<group>"; };
		43076F191C02C79D00161082 /* AppDelegate.h */ = {isa = PBXFileReference; lastKnownFileType = sourcecode.c.h; path = AppDelegate.h; sourceTree = "<group>"; };
		43076F1A1C02C79D00161082 /* AppDelegate.m */ = {isa = PBXFileReference; lastKnownFileType = sourcecode.c.objc; path = AppDelegate.m; sourceTree = "<group>"; };
		43076F1C1C02C79D00161082 /* ViewController.h */ = {isa = PBXFileReference; lastKnownFileType = sourcecode.c.h; path = ViewController.h; sourceTree = "<group>"; };
		43076F1D1C02C79D00161082 /* ViewController.m */ = {isa = PBXFileReference; lastKnownFileType = sourcecode.c.objc; path = ViewController.m; sourceTree = "<group>"; };
		43076F201C02C79D00161082 /* Base */ = {isa = PBXFileReference; lastKnownFileType = file.storyboard; name = Base; path = Base.lproj/Main.storyboard; sourceTree = "<group>"; };
		43076F231C02C79D00161082 /* RahulCoreData.xcdatamodel */ = {isa = PBXFileReference; lastKnownFileType = wrapper.xcdatamodel; path = RahulCoreData.xcdatamodel; sourceTree = "<group>"; };
		43076F251C02C79D00161082 /* Assets.xcassets */ = {isa = PBXFileReference; lastKnownFileType = folder.assetcatalog; path = Assets.xcassets; sourceTree = "<group>"; };
		43076F281C02C79D00161082 /* Base */ = {isa = PBXFileReference; lastKnownFileType = file.storyboard; name = Base; path = Base.lproj/LaunchScreen.storyboard; sourceTree = "<group>"; };
		43076F2A1C02C79D00161082 /* Info.plist */ = {isa = PBXFileReference; lastKnownFileType = text.plist.xml; path = Info.plist; sourceTree = "<group>"; };
		43076F2F1C02C79D00161082 /* RahulCoreDataTests.xctest */ = {isa = PBXFileReference; explicitFileType = wrapper.cfbundle; includeInIndex = 0; path = RahulCoreDataTests.xctest; sourceTree = BUILT_PRODUCTS_DIR; };
		43076F331C02C79D00161082 /* RahulCoreDataTests.m */ = {isa = PBXFileReference; lastKnownFileType = sourcecode.c.objc; path = RahulCoreDataTests.m; sourceTree = "<group>"; };
		43076F351C02C79D00161082 /* Info.plist */ = {isa = PBXFileReference; lastKnownFileType = text.plist.xml; path = Info.plist; sourceTree = "<group>"; };
		43076F3A1C02C79D00161082 /* RahulCoreDataUITests.xctest */ = {isa = PBXFileReference; explicitFileType = wrapper.cfbundle; includeInIndex = 0; path = RahulCoreDataUITests.xctest; sourceTree = BUILT_PRODUCTS_DIR; };
		43076F3E1C02C79D00161082 /* RahulCoreDataUITests.m */ = {isa = PBXFileReference; lastKnownFileType = sourcecode.c.objc; path = RahulCoreDataUITests.m; sourceTree = "<group>"; };
		43076F401C02C79D00161082 /* Info.plist */ = {isa = PBXFileReference; lastKnownFileType = text.plist.xml; path = Info.plist; sourceTree = "<group>"; };
/* End PBXFileReference section */

/* Begin PBXFrameworksBuildPhase section */
		43076F101C02C79C00161082 /* Frameworks */ = {
			isa = PBXFrameworksBuildPhase;
			buildActionMask = 2147483647;
			files = (
			);
			runOnlyForDeploymentPostprocessing = 0;
		};
		43076F2C1C02C79D00161082 /* Frameworks */ = {
			isa = PBXFrameworksBuildPhase;
			buildActionMask = 2147483647;
			files = (
			);
			runOnlyForDeploymentPostprocessing = 0;
		};
		43076F371C02C79D00161082 /* Frameworks */ = {
			isa = PBXFrameworksBuildPhase;
			buildActionMask = 2147483647;
			files = (
			);
			runOnlyForDeploymentPostprocessing = 0;
		};
/* End PBXFrameworksBuildPhase section */

/* Begin PBXGroup section */
		43076F0A1C02C79B00161082 = {
			isa = PBXGroup;
			children = (
				43076F151C02C79D00161082 /* RahulCoreData */,
				43076F321C02C79D00161082 /* RahulCoreDataTests */,
				43076F3D1C02C79D00161082 /* RahulCoreDataUITests */,
				43076F141C02C79C00161082 /* Products */,
			);
			sourceTree = "<group>";
		};
		43076F141C02C79C00161082 /* Products */ = {
			isa = PBXGroup;
			children = (
				43076F131C02C79C00161082 /* RahulCoreData.app */,
				43076F2F1C02C79D00161082 /* RahulCoreDataTests.xctest */,
				43076F3A1C02C79D00161082 /* RahulCoreDataUITests.xctest */,
			);
			name = Products;
			sourceTree = "<group>";
		};
		43076F151C02C79D00161082 /* RahulCoreData */ = {
			isa = PBXGroup;
			children = (
				43076F191C02C79D00161082 /* AppDelegate.h */,
				43076F1A1C02C79D00161082 /* AppDelegate.m */,
				43076F1C1C02C79D00161082 /* ViewController.h */,
				43076F1D1C02C79D00161082 /* ViewController.m */,
				43076F1F1C02C79D00161082 /* Main.storyboard */,
				43076F251C02C79D00161082 /* Assets.xcassets */,
				43076F271C02C79D00161082 /* LaunchScreen.storyboard */,
				43076F2A1C02C79D00161082 /* Info.plist */,
				43076F221C02C79D00161082 /* RahulCoreData.xcdatamodeld */,
				43076F161C02C79D00161082 /* Supporting Files */,
			);
			path = RahulCoreData;
			sourceTree = "<group>";
		};
		43076F161C02C79D00161082 /* Supporting Files */ = {
			isa = PBXGroup;
			children = (
				43076F171C02C79D00161082 /* main.m */,
			);
			name = "Supporting Files";
			sourceTree = "<group>";
		};
		43076F321C02C79D00161082 /* RahulCoreDataTests */ = {
			isa = PBXGroup;
			children = (
				43076F331C02C79D00161082 /* RahulCoreDataTests.m */,
				43076F351C02C79D00161082 /* Info.plist */,
			);
			path = RahulCoreDataTests;
			sourceTree = "<group>";
		};
		43076F3D1C02C79D00161082 /* RahulCoreDataUITests */ = {
			isa = PBXGroup;
			children = (
				43076F3E1C02C79D00161082 /* RahulCoreDataUITests.m */,
				43076F401C02C79D00161082 /* Info.plist */,
			);
			path = RahulCoreDataUITests;
			sourceTree = "<group>";
		};
/* End PBXGroup section */

/* Begin PBXNativeTarget section */
		43076F121C02C79C00161082 /* RahulCoreData */ = {
			isa = PBXNativeTarget;
			buildConfigurationList = 43076F431C02C79D00161082 /* Build configuration list for PBXNativeTarget "RahulCoreData" */;
			buildPhases = (
				43076F0F1C02C79C00161082 /* Sources */,
				43076F101C02C79C00161082 /* Frameworks */,
				43076F111C02C79C00161082 /* Resources */,
			);
			buildRules = (
			);
			dependencies = (
			);
			name = RahulCoreData;
			productName = RahulCoreData;
			productReference = 43076F131C02C79C00161082 /* RahulCoreData.app */;
			productType = "com.apple.product-type.application";
		};
		43076F2E1C02C79D00161082 /* RahulCoreDataTests */ = {
			isa = PBXNativeTarget;
			buildConfigurationList = 43076F461C02C79D00161082 /* Build configuration list for PBXNativeTarget "RahulCoreDataTests" */;
			buildPhases = (
				43076F2B1C02C79D00161082 /* Sources */,
				43076F2C1C02C79D00161082 /* Frameworks */,
				43076F2D1C02C79D00161082 /* Resources */,
			);
			buildRules = (
			);
			dependencies = (
				43076F311C02C79D00161082 /* PBXTargetDependency */,
			);
			name = RahulCoreDataTests;
			productName = RahulCoreDataTests;
			productReference = 43076F2F1C02C79D00161082 /* RahulCoreDataTests.xctest */;
			productType = "com.apple.product-type.bundle.unit-test";
		};
		43076F391C02C79D00161082 /* RahulCoreDataUITests */ = {
			isa = PBXNativeTarget;
			buildConfigurationList = 43076F491C02C79D00161082 /* Build configuration list for PBXNativeTarget "RahulCoreDataUITests" */;
			buildPhases = (
				43076F361C02C79D00161082 /* Sources */,
				43076F371C02C79D00161082 /* Frameworks */,
				43076F381C02C79D00161082 /* Resources */,
			);
			buildRules = (
			);
			dependencies = (
				43076F3C1C02C79D00161082 /* PBXTargetDependency */,
			);
			name = RahulCoreDataUITests;
			productName = RahulCoreDataUITests;
			productReference = 43076F3A1C02C79D00161082 /* RahulCoreDataUITests.xctest */;
			productType = "com.apple.product-type.bundle.ui-testing";
		};
/* End PBXNativeTarget section */

/* Begin PBXProject section */
		43076F0B1C02C79B00161082 /* Project object */ = {
			isa = PBXProject;
			attributes = {
				LastUpgradeCheck = 0710;
				ORGANIZATIONNAME = Rahul;
				TargetAttributes = {
					43076F121C02C79C00161082 = {
						CreatedOnToolsVersion = 7.1;
					};
					43076F2E1C02C79D00161082 = {
						CreatedOnToolsVersion = 7.1;
						TestTargetID = 43076F121C02C79C00161082;
					};
					43076F391C02C79D00161082 = {
						CreatedOnToolsVersion = 7.1;
						TestTargetID = 43076F121C02C79C00161082;
					};
				};
			};
			buildConfigurationList = 43076F0E1C02C79B00161082 /* Build configuration list for PBXProject "RahulCoreData" */;
			compatibilityVersion = "Xcode 3.2";
			developmentRegion = English;
			hasScannedForEncodings = 0;
			knownRegions = (
				en,
				Base,
			);
			mainGroup = 43076F0A1C02C79B00161082;
			productRefGroup = 43076F141C02C79C00161082 /* Products */;
			projectDirPath = "";
			projectRoot = "";
			targets = (
				43076F121C02C79C00161082 /* RahulCoreData */,
				43076F2E1C02C79D00161082 /* RahulCoreDataTests */,
				43076F391C02C79D00161082 /* RahulCoreDataUITests */,
			);
		};
/* End PBXProject section */

/* Begin PBXResourcesBuildPhase section */
		43076F111C02C79C00161082 /* Resources */ = {
			isa = PBXResourcesBuildPhase;
			buildActionMask = 2147483647;
			files = (
				43076F291C02C79D00161082 /* LaunchScreen.storyboard in Resources */,
				43076F261C02C79D00161082 /* Assets.xcassets in Resources */,
				43076F211C02C79D00161082 /* Main.storyboard in Resources */,
			);
			runOnlyForDeploymentPostprocessing = 0;
		};
		43076F2D1C02C79D00161082 /* Resources */ = {
			isa = PBXResourcesBuildPhase;
			buildActionMask = 2147483647;
			files = (
			);
			runOnlyForDeploymentPostprocessing = 0;
		};
		43076F381C02C79D00161082 /* Resources */ = {
			isa = PBXResourcesBuildPhase;
			buildActionMask = 2147483647;
			files = (
			);
			runOnlyForDeploymentPostprocessing = 0;
		};
/* End PBXResourcesBuildPhase section */

/* Begin PBXSourcesBuildPhase section */
		43076F0F1C02C79C00161082 /* Sources */ = {
			isa = PBXSourcesBuildPhase;
			buildActionMask = 2147483647;
			files = (
				43076F1E1C02C79D00161082 /* ViewController.m in Sources */,
				43076F241C02C79D00161082 /* RahulCoreData.xcdatamodeld in Sources */,
				43076F1B1C02C79D00161082 /* AppDelegate.m in Sources */,
				43076F181C02C79D00161082 /* main.m in Sources */,
			);
			runOnlyForDeploymentPostprocessing = 0;
		};
		43076F2B1C02C79D00161082 /* Sources */ = {
			isa = PBXSourcesBuildPhase;
			buildActionMask = 2147483647;
			files = (
				43076F341C02C79D00161082 /* RahulCoreDataTests.m in Sources */,
			);
			runOnlyForDeploymentPostprocessing = 0;
		};
		43076F361C02C79D00161082 /* Sources */ = {
			isa = PBXSourcesBuildPhase;
			buildActionMask = 2147483647;
			files = (
				43076F3F1C02C79D00161082 /* RahulCoreDataUITests.m in Sources */,
			);
			runOnlyForDeploymentPostprocessing = 0;
		};
/* End PBXSourcesBuildPhase section */

/* Begin PBXTargetDependency section */
		43076F311C02C79D00161082 /* PBXTargetDependency */ = {
			isa = PBXTargetDependency;
			target = 43076F121C02C79C00161082 /* RahulCoreData */;
			targetProxy = 43076F301C02C79D00161082 /* PBXContainerItemProxy */;
		};
		43076F3C1C02C79D00161082 /* PBXTargetDependency */ = {
			isa = PBXTargetDependency;
			target = 43076F121C02C79C00161082 /* RahulCoreData */;
			targetProxy = 43076F3B1C02C79D00161082 /* PBXContainerItemProxy */;
		};
/* End PBXTargetDependency section */

/* Begin PBXVariantGroup section */
		43076F1F1C02C79D00161082 /* Main.storyboard */ = {
			isa = PBXVariantGroup;
			children = (
				43076F201C02C79D00161082 /* Base */,
			);
			name = Main.storyboard;
			sourceTree = "<group>";
		};
		43076F271C02C79D00161082 /* LaunchScreen.storyboard */ = {
			isa = PBXVariantGroup;
			children = (
				43076F281C02C79D00161082 /* Base */,
			);
			name = LaunchScreen.storyboard;
			sourceTree = "<group>";
		};
/* End PBXVariantGroup section */

/* Begin XCBuildConfiguration section */
		43076F411C02C79D00161082 /* Debug */ = {
			isa = XCBuildConfiguration;
			buildSettings = {
				ALWAYS_SEARCH_USER_PATHS = NO;
				CLANG_CXX_LANGUAGE_STANDARD = "gnu++0x";
				CLANG_CXX_LIBRARY = "libc++";
				CLANG_ENABLE_MODULES = YES;
				CLANG_ENABLE_OBJC_ARC = YES;
				CLANG_WARN_BOOL_CONVERSION = YES;
				CLANG_WARN_CONSTANT_CONVERSION = YES;
				CLANG_WARN_DIRECT_OBJC_ISA_USAGE = YES_ERROR;
				CLANG_WARN_EMPTY_BODY = YES;
				CLANG_WARN_ENUM_CONVERSION = YES;
				CLANG_WARN_INT_CONVERSION = YES;
				CLANG_WARN_OBJC_ROOT_CLASS = YES_ERROR;
				CLANG_WARN_UNREACHABLE_CODE = YES;
				CLANG_WARN__DUPLICATE_METHOD_MATCH = YES;
				"CODE_SIGN_IDENTITY[sdk=iphoneos*]" = "iPhone Developer";
				COPY_PHASE_STRIP = NO;
				DEBUG_INFORMATION_FORMAT = dwarf;
				ENABLE_STRICT_OBJC_MSGSEND = YES;
				ENABLE_TESTABILITY = YES;
				GCC_C_LANGUAGE_STANDARD = gnu99;
				GCC_DYNAMIC_NO_PIC = NO;
				GCC_NO_COMMON_BLOCKS = YES;
				GCC_OPTIMIZATION_LEVEL = 0;
				GCC_PREPROCESSOR_DEFINITIONS = (
					"DEBUG=1",
					"$(inherited)",
				);
				GCC_WARN_64_TO_32_BIT_CONVERSION = YES;
				GCC_WARN_ABOUT_RETURN_TYPE = YES_ERROR;
				GCC_WARN_UNDECLARED_SELECTOR = YES;
				GCC_WARN_UNINITIALIZED_AUTOS = YES_AGGRESSIVE;
				GCC_WARN_UNUSED_FUNCTION = YES;
				GCC_WARN_UNUSED_VARIABLE = YES;
				IPHONEOS_DEPLOYMENT_TARGET = 9.1;
				MTL_ENABLE_DEBUG_INFO = YES;
				ONLY_ACTIVE_ARCH = YES;
				SDKROOT = iphoneos;
			};
			name = Debug;
		};
		43076F421C02C79D00161082 /* Release */ = {
			isa = XCBuildConfiguration;
			buildSettings = {
				ALWAYS_SEARCH_USER_PATHS = NO;
				CLANG_CXX_LANGUAGE_STANDARD = "gnu++0x";
				CLANG_CXX_LIBRARY = "libc++";
				CLANG_ENABLE_MODULES = YES;
				CLANG_ENABLE_OBJC_ARC = YES;
				CLANG_WARN_BOOL_CONVERSION = YES;
				CLANG_WARN_CONSTANT_CONVERSION = YES;
				CLANG_WARN_DIRECT_OBJC_ISA_USAGE = YES_ERROR;
				CLANG_WARN_EMPTY_BODY = YES;
				CLANG_WARN_ENUM_CONVERSION = YES;
				CLANG_WARN_INT_CONVERSION = YES;
				CLANG_WARN_OBJC_ROOT_CLASS = YES_ERROR;
				CLANG_WARN_UNREACHABLE_CODE = YES;
				CLANG_WARN__DUPLICATE_METHOD_MATCH = YES;
				"CODE_SIGN_IDENTITY[sdk=iphoneos*]" = "iPhone Developer";
				COPY_PHASE_STRIP = NO;
				DEBUG_INFORMATION_FORMAT = "dwarf-with-dsym";
				ENABLE_NS_ASSERTIONS = NO;
				ENABLE_STRICT_OBJC_MSGSEND = YES;
				GCC_C_LANGUAGE_STANDARD = gnu99;
				GCC_NO_COMMON_BLOCKS = YES;
				GCC_WARN_64_TO_32_BIT_CONVERSION = YES;
				GCC_WARN_ABOUT_RETURN_TYPE = YES_ERROR;
				GCC_WARN_UNDECLARED_SELECTOR = YES;
				GCC_WARN_UNINITIALIZED_AUTOS = YES_AGGRESSIVE;
				GCC_WARN_UNUSED_FUNCTION = YES;
				GCC_WARN_UNUSED_VARIABLE = YES;
				IPHONEOS_DEPLOYMENT_TARGET = 9.1;
				MTL_ENABLE_DEBUG_INFO = NO;
				SDKROOT = iphoneos;
				VALIDATE_PRODUCT = YES;
			};
			name = Release;
		};
		43076F441C02C79D00161082 /* Debug */ = {
			isa = XCBuildConfiguration;
			buildSettings = {
				ASSETCATALOG_COMPILER_APPICON_NAME = AppIcon;
				INFOPLIST_FILE = RahulCoreData/Info.plist;
				LD_RUNPATH_SEARCH_PATHS = "$(inherited) @executable_path/Frameworks";
				PRODUCT_BUNDLE_IDENTIFIER = esds.RahulCoreData;
				PRODUCT_NAME = "$(TARGET_NAME)";
			};
			name = Debug;
		};
		43076F451C02C79D00161082 /* Release */ = {
			isa = XCBuildConfiguration;
			buildSettings = {
				ASSETCATALOG_COMPILER_APPICON_NAME = AppIcon;
				INFOPLIST_FILE = RahulCoreData/Info.plist;
				LD_RUNPATH_SEARCH_PATHS = "$(inherited) @executable_path/Frameworks";
				PRODUCT_BUNDLE_IDENTIFIER = esds.RahulCoreData;
				PRODUCT_NAME = "$(TARGET_NAME)";
			};
			name = Release;
		};
		43076F471C02C79D00161082 /* Debug */ = {
			isa = XCBuildConfiguration;
			buildSettings = {
				BUNDLE_LOADER = "$(TEST_HOST)";
				INFOPLIST_FILE = RahulCoreDataTests/Info.plist;
				LD_RUNPATH_SEARCH_PATHS = "$(inherited) @executable_path/Frameworks @loader_path/Frameworks";
				PRODUCT_BUNDLE_IDENTIFIER = esds.RahulCoreDataTests;
				PRODUCT_NAME = "$(TARGET_NAME)";
				TEST_HOST = "$(BUILT_PRODUCTS_DIR)/RahulCoreData.app/RahulCoreData";
			};
			name = Debug;
		};
		43076F481C02C79D00161082 /* Release */ = {
			isa = XCBuildConfiguration;
			buildSettings = {
				BUNDLE_LOADER = "$(TEST_HOST)";
				INFOPLIST_FILE = RahulCoreDataTests/Info.plist;
				LD_RUNPATH_SEARCH_PATHS = "$(inherited) @executable_path/Frameworks @loader_path/Frameworks";
				PRODUCT_BUNDLE_IDENTIFIER = esds.RahulCoreDataTests;
				PRODUCT_NAME = "$(TARGET_NAME)";
				TEST_HOST = "$(BUILT_PRODUCTS_DIR)/RahulCoreData.app/RahulCoreData";
			};
			name = Release;
		};
		43076F4A1C02C79D00161082 /* Debug */ = {
			isa = XCBuildConfiguration;
			buildSettings = {
				INFOPLIST_FILE = RahulCoreDataUITests/Info.plist;
				LD_RUNPATH_SEARCH_PATHS = "$(inherited) @executable_path/Frameworks @loader_path/Frameworks";
				PRODUCT_BUNDLE_IDENTIFIER = esds.RahulCoreDataUITests;
				PRODUCT_NAME = "$(TARGET_NAME)";
				TEST_TARGET_NAME = RahulCoreData;
				USES_XCTRUNNER = YES;
			};
			name = Debug;
		};
		43076F4B1C02C79D00161082 /* Release */ = {
			isa = XCBuildConfiguration;
			buildSettings = {
				INFOPLIST_FILE = RahulCoreDataUITests/Info.plist;
				LD_RUNPATH_SEARCH_PATHS = "$(inherited) @executable_path/Frameworks @loader_path/Frameworks";
				PRODUCT_BUNDLE_IDENTIFIER = esds.RahulCoreDataUITests;
				PRODUCT_NAME = "$(TARGET_NAME)";
				TEST_TARGET_NAME = RahulCoreData;
				USES_XCTRUNNER = YES;
			};
			name = Release;
		};
/* End XCBuildConfiguration section */

/* Begin XCConfigurationList section */
		43076F0E1C02C79B00161082 /* Build configuration list for PBXProject "RahulCoreData" */ = {
			isa = XCConfigurationList;
			buildConfigurations = (
				43076F411C02C79D00161082 /* Debug */,
				43076F421C02C79D00161082 /* Release */,
			);
			defaultConfigurationIsVisible = 0;
			defaultConfigurationName = Release;
		};
		43076F431C02C79D00161082 /* Build configuration list for PBXNativeTarget "RahulCoreData" */ = {
			isa = XCConfigurationList;
			buildConfigurations = (
				43076F441C02C79D00161082 /* Debug */,
				43076F451C02C79D00161082 /* Release */,
			);
			defaultConfigurationIsVisible = 0;
			defaultConfigurationName = Release;
		};
		43076F461C02C79D00161082 /* Build configuration list for PBXNativeTarget "RahulCoreDataTests" */ = {
			isa = XCConfigurationList;
			buildConfigurations = (
				43076F471C02C79D00161082 /* Debug */,
				43076F481C02C79D00161082 /* Release */,
			);
			defaultConfigurationIsVisible = 0;
			defaultConfigurationName = Release;
		};
		43076F491C02C79D00161082 /* Build configuration list for PBXNativeTarget "RahulCoreDataUITests" */ = {
			isa = XCConfigurationList;
			buildConfigurations = (
				43076F4A1C02C79D00161082 /* Debug */,
				43076F4B1C02C79D00161082 /* Release */,
			);
			defaultConfigurationIsVisible = 0;
			defaultConfigurationName = Release;
		};
/* End XCConfigurationList section */

/* Begin XCVersionGroup section */
		43076F221C02C79D00161082 /* RahulCoreData.xcdatamodeld */ = {
			isa = XCVersionGroup;
			children = (
				43076F231C02C79D00161082 /* RahulCoreData.xcdatamodel */,
			);
			currentVersion = 43076F231C02C79D00161082 /* RahulCoreData.xcdatamodel */;
			path = RahulCoreData.xcdatamodeld;
			sourceTree = "<group>";
			versionGroupType = wrapper.xcdatamodel;
		};
/* End XCVersionGroup section */
	};
	rootObject = 43076F0B1C02C79B00161082 /* Project object */;
}
